// !$*UTF8*$!
{
	archiveVersion = 1;
	classes = {
	};
	objectVersion = 50;
	objects = {

/* Begin PBXBuildFile section */
		5237CD4B22738F3900328B0C /* AppDelegate.swift in Sources */ = {isa = PBXBuildFile; fileRef = 5237CD4A22738F3900328B0C /* AppDelegate.swift */; };
		5237CD4D22738F3900328B0C /* ViewController.swift in Sources */ = {isa = PBXBuildFile; fileRef = 5237CD4C22738F3900328B0C /* ViewController.swift */; };
		5237CD5022738F3900328B0C /* Main.storyboard in Resources */ = {isa = PBXBuildFile; fileRef = 5237CD4E22738F3900328B0C /* Main.storyboard */; };
		5237CD5222738F3A00328B0C /* Assets.xcassets in Resources */ = {isa = PBXBuildFile; fileRef = 5237CD5122738F3A00328B0C /* Assets.xcassets */; };
		5237CD5522738F3A00328B0C /* LaunchScreen.storyboard in Resources */ = {isa = PBXBuildFile; fileRef = 5237CD5322738F3A00328B0C /* LaunchScreen.storyboard */; };
		5237CD5F22738F4F00328B0C /* CloudKit.framework in Frameworks */ = {isa = PBXBuildFile; fileRef = 5237CD5E22738F4F00328B0C /* CloudKit.framework */; };
/* End PBXBuildFile section */

/* Begin PBXFileReference section */
		5237CD4722738F3900328B0C /* icloud.yiming.xu.app */ = {isa = PBXFileReference; explicitFileType = wrapper.application; includeInIndex = 0; path = icloud.yiming.xu.app; sourceTree = BUILT_PRODUCTS_DIR; };
		5237CD4A22738F3900328B0C /* AppDelegate.swift */ = {isa = PBXFileReference; lastKnownFileType = sourcecode.swift; path = AppDelegate.swift; sourceTree = "<group>"; };
		5237CD4C22738F3900328B0C /* ViewController.swift */ = {isa = PBXFileReference; lastKnownFileType = sourcecode.swift; path = ViewController.swift; sourceTree = "<group>"; };
		5237CD4F22738F3900328B0C /* Base */ = {isa = PBXFileReference; lastKnownFileType = file.storyboard; name = Base; path = Base.lproj/Main.storyboard; sourceTree = "<group>"; };
		5237CD5122738F3A00328B0C /* Assets.xcassets */ = {isa = PBXFileReference; lastKnownFileType = folder.assetcatalog; path = Assets.xcassets; sourceTree = "<group>"; };
		5237CD5422738F3A00328B0C /* Base */ = {isa = PBXFileReference; lastKnownFileType = file.storyboard; name = Base; path = Base.lproj/LaunchScreen.storyboard; sourceTree = "<group>"; };
		5237CD5622738F3A00328B0C /* Info.plist */ = {isa = PBXFileReference; lastKnownFileType = text.plist.xml; path = Info.plist; sourceTree = "<group>"; };
		5237CD5C22738F4900328B0C /* icloud.yiming.xu.entitlements */ = {isa = PBXFileReference; lastKnownFileType = text.plist.entitlements; path = icloud.yiming.xu.entitlements; sourceTree = "<group>"; };
		5237CD5E22738F4F00328B0C /* CloudKit.framework */ = {isa = PBXFileReference; lastKnownFileType = wrapper.framework; name = CloudKit.framework; path = System/Library/Frameworks/CloudKit.framework; sourceTree = SDKROOT; };
/* End PBXFileReference section */

/* Begin PBXFrameworksBuildPhase section */
		5237CD4422738F3900328B0C /* Frameworks */ = {
			isa = PBXFrameworksBuildPhase;
			buildActionMask = 2147483647;
			files = (
				5237CD5F22738F4F00328B0C /* CloudKit.framework in Frameworks */,
			);
			runOnlyForDeploymentPostprocessing = 0;
		};
/* End PBXFrameworksBuildPhase section */

/* Begin PBXGroup section */
		5237CD3E22738F3800328B0C = {
			isa = PBXGroup;
			children = (
				5237CD4922738F3900328B0C /* icloud.yiming.xu */,
				5237CD4822738F3900328B0C /* Products */,
				5237CD5D22738F4F00328B0C /* Frameworks */,
			);
			sourceTree = "<group>";
		};
		5237CD4822738F3900328B0C /* Products */ = {
			isa = PBXGroup;
			children = (
				5237CD4722738F3900328B0C /* icloud.yiming.xu.app */,
			);
			name = Products;
			sourceTree = "<group>";
		};
		5237CD4922738F3900328B0C /* icloud.yiming.xu */ = {
			isa = PBXGroup;
			children = (
				5237CD5C22738F4900328B0C /* icloud.yiming.xu.entitlements */,
				5237CD4A22738F3900328B0C /* AppDelegate.swift */,
				5237CD4C22738F3900328B0C /* ViewController.swift */,
				5237CD4E22738F3900328B0C /* Main.storyboard */,
				5237CD5122738F3A00328B0C /* Assets.xcassets */,
				5237CD5322738F3A00328B0C /* LaunchScreen.storyboard */,
				5237CD5622738F3A00328B0C /* Info.plist */,
			);
			path = icloud.yiming.xu;
			sourceTree = "<group>";
		};
		5237CD5D22738F4F00328B0C /* Frameworks */ = {
			isa = PBXGroup;
			children = (
				5237CD5E22738F4F00328B0C /* CloudKit.framework */,
			);
			name = Frameworks;
			sourceTree = "<group>";
		};
/* End PBXGroup section */

/* Begin PBXNativeTarget section */
		5237CD4622738F3900328B0C /* icloud.yiming.xu */ = {
			isa = PBXNativeTarget;
			buildConfigurationList = 5237CD5922738F3A00328B0C /* Build configuration list for PBXNativeTarget "icloud.yiming.xu" */;
			buildPhases = (
				5237CD4322738F3900328B0C /* Sources */,
				5237CD4422738F3900328B0C /* Frameworks */,
				5237CD4522738F3900328B0C /* Resources */,
			);
			buildRules = (
			);
			dependencies = (
			);
			name = icloud.yiming.xu;
			productName = icloud.yiming.xu;
			productReference = 5237CD4722738F3900328B0C /* icloud.yiming.xu.app */;
			productType = "com.apple.product-type.application";
		};
/* End PBXNativeTarget section */

/* Begin PBXProject section */
		5237CD3F22738F3900328B0C /* Project object */ = {
			isa = PBXProject;
			attributes = {
				LastSwiftUpdateCheck = 1010;
				LastUpgradeCheck = 1010;
				ORGANIZATIONNAME = YimingXu;
				TargetAttributes = {
					5237CD4622738F3900328B0C = {
						CreatedOnToolsVersion = 10.1;
						SystemCapabilities = {
							com.apple.Push = {
								enabled = 1;
							};
							com.apple.iCloud = {
								enabled = 1;
							};
						};
					};
				};
			};
			buildConfigurationList = 5237CD4222738F3900328B0C /* Build configuration list for PBXProject "icloud.yiming.xu" */;
			compatibilityVersion = "Xcode 9.3";
			developmentRegion = en;
			hasScannedForEncodings = 0;
			knownRegions = (
				en,
				Base,
			);
			mainGroup = 5237CD3E22738F3800328B0C;
			productRefGroup = 5237CD4822738F3900328B0C /* Products */;
			projectDirPath = "";
			projectRoot = "";
			targets = (
				5237CD4622738F3900328B0C /* icloud.yiming.xu */,
			);
		};
/* End PBXProject section */

/* Begin PBXResourcesBuildPhase section */
		5237CD4522738F3900328B0C /* Resources */ = {
			isa = PBXResourcesBuildPhase;
			buildActionMask = 2147483647;
			files = (
				5237CD5522738F3A00328B0C /* LaunchScreen.storyboard in Resources */,
				5237CD5222738F3A00328B0C /* Assets.xcassets in Resources */,
				5237CD5022738F3900328B0C /* Main.storyboard in Resources */,
			);
			runOnlyForDeploymentPostprocessing = 0;
		};
/* End PBXResourcesBuildPhase section */

/* Begin PBXSourcesBuildPhase section */
		5237CD4322738F3900328B0C /* Sources */ = {
			isa = PBXSourcesBuildPhase;
			buildActionMask = 2147483647;
			files = (
				5237CD4D22738F3900328B0C /* ViewController.swift in Sources */,
				5237CD4B22738F3900328B0C /* AppDelegate.swift in Sources */,
			);
			runOnlyForDeploymentPostprocessing = 0;
		};
/* End PBXSourcesBuildPhase section */

/* Begin PBXVariantGroup section */
		5237CD4E22738F3900328B0C /* Main.storyboard */ = {
			isa = PBXVariantGroup;
			children = (
				5237CD4F22738F3900328B0C /* Base */,
			);
			name = Main.storyboard;
			sourceTree = "<group>";
		};
		5237CD5322738F3A00328B0C /* LaunchScreen.storyboard */ = {
			isa = PBXVariantGroup;
			children = (
				5237CD5422738F3A00328B0C /* Base */,
			);
			name = LaunchScreen.storyboard;
			sourceTree = "<group>";
		};
/* End PBXVariantGroup section */

/* Begin XCBuildConfiguration section */
		5237CD5722738F3A00328B0C /* Debug */ = {
			isa = XCBuildConfiguration;
			buildSettings = {
				ALWAYS_SEARCH_USER_PATHS = NO;
				CLANG_ANALYZER_NONNULL = YES;
				CLANG_ANALYZER_NUMBER_OBJECT_CONVERSION = YES_AGGRESSIVE;
				CLANG_CXX_LANGUAGE_STANDARD = "gnu++14";
				CLANG_CXX_LIBRARY = "libc++";
				CLANG_ENABLE_MODULES = YES;
				CLANG_ENABLE_OBJC_ARC = YES;
				CLANG_ENABLE_OBJC_WEAK = YES;
				CLANG_WARN_BLOCK_CAPTURE_AUTORELEASING = YES;
				CLANG_WARN_BOOL_CONVERSION = YES;
				CLANG_WARN_COMMA = YES;
				CLANG_WARN_CONSTANT_CONVERSION = YES;
				CLANG_WARN_DEPRECATED_OBJC_IMPLEMENTATIONS = YES;
				CLANG_WARN_DIRECT_OBJC_ISA_USAGE = YES_ERROR;
				CLANG_WARN_DOCUMENTATION_COMMENTS = YES;
				CLANG_WARN_EMPTY_BODY = YES;
				CLANG_WARN_ENUM_CONVERSION = YES;
				CLANG_WARN_INFINITE_RECURSION = YES;
				CLANG_WARN_INT_CONVERSION = YES;
				CLANG_WARN_NON_LITERAL_NULL_CONVERSION = YES;
				CLANG_WARN_OBJC_IMPLICIT_RETAIN_SELF = YES;
				CLANG_WARN_OBJC_LITERAL_CONVERSION = YES;
				CLANG_WARN_OBJC_ROOT_CLASS = YES_ERROR;
				CLANG_WARN_RANGE_LOOP_ANALYSIS = YES;
				CLANG_WARN_STRICT_PROTOTYPES = YES;
				CLANG_WARN_SUSPICIOUS_MOVE = YES;
				CLANG_WARN_UNGUARDED_AVAILABILITY = YES_AGGRESSIVE;
				CLANG_WARN_UNREACHABLE_CODE = YES;
				CLANG_WARN__DUPLICATE_METHOD_MATCH = YES;
				CODE_SIGN_IDENTITY = "iPhone Developer";
				COPY_PHASE_STRIP = NO;
				DEBUG_INFORMATION_FORMAT = dwarf;
				ENABLE_STRICT_OBJC_MSGSEND = YES;
				ENABLE_TESTABILITY = YES;
				GCC_C_LANGUAGE_STANDARD = gnu11;
				GCC_DYNAMIC_NO_PIC = NO;
				GCC_NO_COMMON_BLOCKS = YES;
				GCC_OPTIMIZATION_LEVEL = 0;
				GCC_PREPROCESSOR_DEFINITIONS = (
					"DEBUG=1",
					"$(inherited)",
				);
				GCC_WARN_64_TO_32_BIT_CONVERSION = YES;
				GCC_WARN_ABOUT_RETURN_TYPE = YES_ERROR;
				GCC_WARN_UNDECLARED_SELECTOR = YES;
				GCC_WARN_UNINITIALIZED_AUTOS = YES_AGGRESSIVE;
				GCC_WARN_UNUSED_FUNCTION = YES;
				GCC_WARN_UNUSED_VARIABLE = YES;
				IPHONEOS_DEPLOYMENT_TARGET = 12.1;
				MTL_ENABLE_DEBUG_INFO = INCLUDE_SOURCE;
				MTL_FAST_MATH = YES;
				ONLY_ACTIVE_ARCH = YES;
				SDKROOT = iphoneos;
				SWIFT_ACTIVE_COMPILATION_CONDITIONS = DEBUG;
				SWIFT_OPTIMIZATION_LEVEL = "-Onone";
			};
			name = Debug;
		};
		5237CD5822738F3A00328B0C /* Release */ = {
			isa = XCBuildConfiguration;
			buildSettings = {
				ALWAYS_SEARCH_USER_PATHS = NO;
				CLANG_ANALYZER_NONNULL = YES;
				CLANG_ANALYZER_NUMBER_OBJECT_CONVERSION = YES_AGGRESSIVE;
				CLANG_CXX_LANGUAGE_STANDARD = "gnu++14";
				CLANG_CXX_LIBRARY = "libc++";
				CLANG_ENABLE_MODULES = YES;
				CLANG_ENABLE_OBJC_ARC = YES;
				CLANG_ENABLE_OBJC_WEAK = YES;
				CLANG_WARN_BLOCK_CAPTURE_AUTORELEASING = YES;
				CLANG_WARN_BOOL_CONVERSION = YES;
				CLANG_WARN_COMMA = YES;
				CLANG_WARN_CONSTANT_CONVERSION = YES;
				CLANG_WARN_DEPRECATED_OBJC_IMPLEMENTATIONS = YES;
				CLANG_WARN_DIRECT_OBJC_ISA_USAGE = YES_ERROR;
				CLANG_WARN_DOCUMENTATION_COMMENTS = YES;
				CLANG_WARN_EMPTY_BODY = YES;
				CLANG_WARN_ENUM_CONVERSION = YES;
				CLANG_WARN_INFINITE_RECURSION = YES;
				CLANG_WARN_INT_CONVERSION = YES;
				CLANG_WARN_NON_LITERAL_NULL_CONVERSION = YES;
				CLANG_WARN_OBJC_IMPLICIT_RETAIN_SELF = YES;
				CLANG_WARN_OBJC_LITERAL_CONVERSION = YES;
				CLANG_WARN_OBJC_ROOT_CLASS = YES_ERROR;
				CLANG_WARN_RANGE_LOOP_ANALYSIS = YES;
				CLANG_WARN_STRICT_PROTOTYPES = YES;
				CLANG_WARN_SUSPICIOUS_MOVE = YES;
				CLANG_WARN_UNGUARDED_AVAILABILITY = YES_AGGRESSIVE;
				CLANG_WARN_UNREACHABLE_CODE = YES;
				CLANG_WARN__DUPLICATE_METHOD_MATCH = YES;
				CODE_SIGN_IDENTITY = "iPhone Developer";
				COPY_PHASE_STRIP = NO;
				DEBUG_INFORMATION_FORMAT = "dwarf-with-dsym";
				ENABLE_NS_ASSERTIONS = NO;
				ENABLE_STRICT_OBJC_MSGSEND = YES;
				GCC_C_LANGUAGE_STANDARD = gnu11;
				GCC_NO_COMMON_BLOCKS = YES;
				GCC_WARN_64_TO_32_BIT_CONVERSION = YES;
				GCC_WARN_ABOUT_RETURN_TYPE = YES_ERROR;
				GCC_WARN_UNDECLARED_SELECTOR = YES;
				GCC_WARN_UNINITIALIZED_AUTOS = YES_AGGRESSIVE;
				GCC_WARN_UNUSED_FUNCTION = YES;
				GCC_WARN_UNUSED_VARIABLE = YES;
				IPHONEOS_DEPLOYMENT_TARGET = 12.1;
				MTL_ENABLE_DEBUG_INFO = NO;
				MTL_FAST_MATH = YES;
				SDKROOT = iphoneos;
				SWIFT_COMPILATION_MODE = wholemodule;
				SWIFT_OPTIMIZATION_LEVEL = "-O";
				VALIDATE_PRODUCT = YES;
			};
			name = Release;
		};
		5237CD5A22738F3A00328B0C /* Debug */ = {
			isa = XCBuildConfiguration;
			buildSettings = {
				ASSETCATALOG_COMPILER_APPICON_NAME = AppIcon;
				CODE_SIGN_ENTITLEMENTS = icloud.yiming.xu/icloud.yiming.xu.entitlements;
				CODE_SIGN_STYLE = Automatic;
				DEVELOPMENT_TEAM = 985WCWGJY4;
				INFOPLIST_FILE = icloud.yiming.xu/Info.plist;
				LD_RUNPATH_SEARCH_PATHS = (
					"$(inherited)",
					"@executable_path/Frameworks",
				);
				PRODUCT_BUNDLE_IDENTIFIER = "edu.cs.cloud.icloud-yiming-xu";
				PRODUCT_NAME = "$(TARGET_NAME)";
				SWIFT_VERSION = 4.2;
				TARGETED_DEVICE_FAMILY = "1,2";
			};
			name = Debug;
		};
		5237CD5B22738F3A00328B0C /* Release */ = {
			isa = XCBuildConfiguration;
			buildSettings = {
				ASSETCATALOG_COMPILER_APPICON_NAME = AppIcon;
				CODE_SIGN_ENTITLEMENTS = icloud.yiming.xu/icloud.yiming.xu.entitlements;
				CODE_SIGN_STYLE = Automatic;
				DEVELOPMENT_TEAM = 985WCWGJY4;
				INFOPLIST_FILE = icloud.yiming.xu/Info.plist;
				LD_RUNPATH_SEARCH_PATHS = (
					"$(inherited)",
					"@executable_path/Frameworks",
				);
				PRODUCT_BUNDLE_IDENTIFIER = "edu.cs.cloud.icloud-yiming-xu";
				PRODUCT_NAME = "$(TARGET_NAME)";
				SWIFT_VERSION = 4.2;
				TARGETED_DEVICE_FAMILY = "1,2";
			};
			name = Release;
		};
/* End XCBuildConfiguration section */

/* Begin XCConfigurationList section */
		5237CD4222738F3900328B0C /* Build configuration list for PBXProject "icloud.yiming.xu" */ = {
			isa = XCConfigurationList;
			buildConfigurations = (
				5237CD5722738F3A00328B0C /* Debug */,
				5237CD5822738F3A00328B0C /* Release */,
			);
			defaultConfigurationIsVisible = 0;
			defaultConfigurationName = Release;
		};
		5237CD5922738F3A00328B0C /* Build configuration list for PBXNativeTarget "icloud.yiming.xu" */ = {
			isa = XCConfigurationList;
			buildConfigurations = (
				5237CD5A22738F3A00328B0C /* Debug */,
				5237CD5B22738F3A00328B0C /* Release */,
			);
			defaultConfigurationIsVisible = 0;
			defaultConfigurationName = Release;
		};
/* End XCConfigurationList section */
	};
	rootObject = 5237CD3F22738F3900328B0C /* Project object */;
}
